
Microsoft Visual Studio Solution File, Format Version 12.00
# Visual Studio Version 17
VisualStudioVersion = 17.0.31912.275
MinimumVisualStudioVersion = 10.0.40219.1
Project("{2150E333-8FDC-42A3-9474-1A3956D46DE8}") = "src", "src", "{E3711EB7-0566-4EE1-91A6-82E7111F9D01}"
EndProject
Project("{2150E333-8FDC-42A3-9474-1A3956D46DE8}") = "Services.Catalog", "Services.Catalog", "{0B6AA5DF-678E-45FA-AAC4-54A81F5EE039}"
EndProject
Project("{9A19103F-16F7-4668-BE54-9A1E7A4F7556}") = "Catalog.API", "Catalog.API\Catalog.API.csproj", "{D509A4E8-1C15-4579-986B-C975DAC63591}"
EndProject
Project("{FAE04EC0-301F-11D3-BF4B-00C04F79EFBC}") = "Catalog.Infrastructure", "Catalog.Infrastructure\Catalog.Infrastructure.csproj", "{C8F21F4D-F0CD-4088-B2B8-D95537B5168D}"
EndProject
Project("{FAE04EC0-301F-11D3-BF4B-00C04F79EFBC}") = "Catalog.Application", "Catalog.Application\Catalog.Application.csproj", "{78344E64-3ABD-4F97-A777-6011A7410C71}"
EndProject
Project("{FAE04EC0-301F-11D3-BF4B-00C04F79EFBC}") = "Catalog.Domain", "Catalog.Domain\Catalog.Domain.csproj", "{26CE09E7-7B1A-4F48-90A4-34FFA9DDE8EC}"
EndProject
Project("{2150E333-8FDC-42A3-9474-1A3956D46DE8}") = "Services.Notification", "Services.Notification", "{3667A43B-DB0F-4469-8DC4-2C4BF334FE8E}"
EndProject
Project("{FAE04EC0-301F-11D3-BF4B-00C04F79EFBC}") = "Notification.API", "Notification.API\Notification.API.csproj", "{56D05654-3CC8-4A55-A2AD-A7B759AED8A5}"
EndProject
Project("{FAE04EC0-301F-11D3-BF4B-00C04F79EFBC}") = "Notification.Application", "Notification.Application\Notification.Application.csproj", "{C5F6A87D-44F7-43D1-88A2-2DB0ADE775D0}"
EndProject
Project("{FAE04EC0-301F-11D3-BF4B-00C04F79EFBC}") = "Notification.Infrastructure", "Notification.Infrastructure\Notification.Infrastructure.csproj", "{28159321-9734-4EFD-A177-1F4410E44148}"
EndProject
Project("{2150E333-8FDC-42A3-9474-1A3956D46DE8}") = "EventBus", "EventBus", "{CFF0D23F-ED31-444E-8E88-7265FE1F8D80}"
EndProject
Project("{FAE04EC0-301F-11D3-BF4B-00C04F79EFBC}") = "EventBus", "EventBus\EventBus.csproj", "{CCAD382A-8F63-471F-8E03-EAA20D250577}"
EndProject
Project("{FAE04EC0-301F-11D3-BF4B-00C04F79EFBC}") = "EventBusRabbitMQ", "EventBusRabbitMQ\EventBusRabbitMQ.csproj", "{5B143F0A-2CA0-4104-91C6-DFEBE96B5FB5}"
EndProject
Project("{2150E333-8FDC-42A3-9474-1A3956D46DE8}") = "APIGateway", "APIGateway", "{3C63807A-BD07-4465-8FD9-1546F67A3A98}"
EndProject
Project("{FAE04EC0-301F-11D3-BF4B-00C04F79EFBC}") = "Services.APIGateway", "Services.APIGateway\Services.APIGateway.csproj", "{2D9C805A-CAC6-4DF0-A536-765F117BC592}"
EndProject
Project("{2150E333-8FDC-42A3-9474-1A3956D46DE8}") = "Test", "Test", "{BA2F5CA5-ABE3-4DF6-833B-24DB538C6CA8}"
EndProject
Project("{FAE04EC0-301F-11D3-BF4B-00C04F79EFBC}") = "Catalog.UnitTest", "Catalog.UnitTest\Catalog.UnitTest.csproj", "{756B1890-EF51-4246-BBEF-C931BC7E9AC7}"
EndProject
Global
	GlobalSection(SolutionConfigurationPlatforms) = preSolution
		Debug|Any CPU = Debug|Any CPU
		Release|Any CPU = Release|Any CPU
	EndGlobalSection
	GlobalSection(ProjectConfigurationPlatforms) = postSolution
		{D509A4E8-1C15-4579-986B-C975DAC63591}.Debug|Any CPU.ActiveCfg = Debug|Any CPU
		{D509A4E8-1C15-4579-986B-C975DAC63591}.Debug|Any CPU.Build.0 = Debug|Any CPU
		{D509A4E8-1C15-4579-986B-C975DAC63591}.Release|Any CPU.ActiveCfg = Release|Any CPU
		{D509A4E8-1C15-4579-986B-C975DAC63591}.Release|Any CPU.Build.0 = Release|Any CPU
		{C8F21F4D-F0CD-4088-B2B8-D95537B5168D}.Debug|Any CPU.ActiveCfg = Debug|Any CPU
		{C8F21F4D-F0CD-4088-B2B8-D95537B5168D}.Debug|Any CPU.Build.0 = Debug|Any CPU
		{C8F21F4D-F0CD-4088-B2B8-D95537B5168D}.Release|Any CPU.ActiveCfg = Release|Any CPU
		{C8F21F4D-F0CD-4088-B2B8-D95537B5168D}.Release|Any CPU.Build.0 = Release|Any CPU
		{78344E64-3ABD-4F97-A777-6011A7410C71}.Debug|Any CPU.ActiveCfg = Debug|Any CPU
		{78344E64-3ABD-4F97-A777-6011A7410C71}.Debug|Any CPU.Build.0 = Debug|Any CPU
		{78344E64-3ABD-4F97-A777-6011A7410C71}.Release|Any CPU.ActiveCfg = Release|Any CPU
		{78344E64-3ABD-4F97-A777-6011A7410C71}.Release|Any CPU.Build.0 = Release|Any CPU
		{26CE09E7-7B1A-4F48-90A4-34FFA9DDE8EC}.Debug|Any CPU.ActiveCfg = Debug|Any CPU
		{26CE09E7-7B1A-4F48-90A4-34FFA9DDE8EC}.Debug|Any CPU.Build.0 = Debug|Any CPU
		{26CE09E7-7B1A-4F48-90A4-34FFA9DDE8EC}.Release|Any CPU.ActiveCfg = Release|Any CPU
		{26CE09E7-7B1A-4F48-90A4-34FFA9DDE8EC}.Release|Any CPU.Build.0 = Release|Any CPU
		{56D05654-3CC8-4A55-A2AD-A7B759AED8A5}.Debug|Any CPU.ActiveCfg = Debug|Any CPU
		{56D05654-3CC8-4A55-A2AD-A7B759AED8A5}.Debug|Any CPU.Build.0 = Debug|Any CPU
		{56D05654-3CC8-4A55-A2AD-A7B759AED8A5}.Release|Any CPU.ActiveCfg = Release|Any CPU
		{56D05654-3CC8-4A55-A2AD-A7B759AED8A5}.Release|Any CPU.Build.0 = Release|Any CPU
		{C5F6A87D-44F7-43D1-88A2-2DB0ADE775D0}.Debug|Any CPU.ActiveCfg = Debug|Any CPU
		{C5F6A87D-44F7-43D1-88A2-2DB0ADE775D0}.Debug|Any CPU.Build.0 = Debug|Any CPU
		{C5F6A87D-44F7-43D1-88A2-2DB0ADE775D0}.Release|Any CPU.ActiveCfg = Release|Any CPU
		{C5F6A87D-44F7-43D1-88A2-2DB0ADE775D0}.Release|Any CPU.Build.0 = Release|Any CPU
		{28159321-9734-4EFD-A177-1F4410E44148}.Debug|Any CPU.ActiveCfg = Debug|Any CPU
		{28159321-9734-4EFD-A177-1F4410E44148}.Debug|Any CPU.Build.0 = Debug|Any CPU
		{28159321-9734-4EFD-A177-1F4410E44148}.Release|Any CPU.ActiveCfg = Release|Any CPU
		{28159321-9734-4EFD-A177-1F4410E44148}.Release|Any CPU.Build.0 = Release|Any CPU
		{CCAD382A-8F63-471F-8E03-EAA20D250577}.Debug|Any CPU.ActiveCfg = Debug|Any CPU
		{CCAD382A-8F63-471F-8E03-EAA20D250577}.Debug|Any CPU.Build.0 = Debug|Any CPU
		{CCAD382A-8F63-471F-8E03-EAA20D250577}.Release|Any CPU.ActiveCfg = Release|Any CPU
		{CCAD382A-8F63-471F-8E03-EAA20D250577}.Release|Any CPU.Build.0 = Release|Any CPU
		{5B143F0A-2CA0-4104-91C6-DFEBE96B5FB5}.Debug|Any CPU.ActiveCfg = Debug|Any CPU
		{5B143F0A-2CA0-4104-91C6-DFEBE96B5FB5}.Debug|Any CPU.Build.0 = Debug|Any CPU
		{5B143F0A-2CA0-4104-91C6-DFEBE96B5FB5}.Release|Any CPU.ActiveCfg = Release|Any CPU
		{5B143F0A-2CA0-4104-91C6-DFEBE96B5FB5}.Release|Any CPU.Build.0 = Release|Any CPU
		{2D9C805A-CAC6-4DF0-A536-765F117BC592}.Debug|Any CPU.ActiveCfg = Debug|Any CPU
		{2D9C805A-CAC6-4DF0-A536-765F117BC592}.Debug|Any CPU.Build.0 = Debug|Any CPU
		{2D9C805A-CAC6-4DF0-A536-765F117BC592}.Release|Any CPU.ActiveCfg = Release|Any CPU
		{2D9C805A-CAC6-4DF0-A536-765F117BC592}.Release|Any CPU.Build.0 = Release|Any CPU
		{756B1890-EF51-4246-BBEF-C931BC7E9AC7}.Debug|Any CPU.ActiveCfg = Debug|Any CPU
		{756B1890-EF51-4246-BBEF-C931BC7E9AC7}.Debug|Any CPU.Build.0 = Debug|Any CPU
		{756B1890-EF51-4246-BBEF-C931BC7E9AC7}.Release|Any CPU.ActiveCfg = Release|Any CPU
		{756B1890-EF51-4246-BBEF-C931BC7E9AC7}.Release|Any CPU.Build.0 = Release|Any CPU
	EndGlobalSection
	GlobalSection(SolutionProperties) = preSolution
		HideSolutionNode = FALSE
	EndGlobalSection
	GlobalSection(NestedProjects) = preSolution
		{0B6AA5DF-678E-45FA-AAC4-54A81F5EE039} = {E3711EB7-0566-4EE1-91A6-82E7111F9D01}
		{D509A4E8-1C15-4579-986B-C975DAC63591} = {0B6AA5DF-678E-45FA-AAC4-54A81F5EE039}
		{C8F21F4D-F0CD-4088-B2B8-D95537B5168D} = {0B6AA5DF-678E-45FA-AAC4-54A81F5EE039}
		{78344E64-3ABD-4F97-A777-6011A7410C71} = {0B6AA5DF-678E-45FA-AAC4-54A81F5EE039}
		{26CE09E7-7B1A-4F48-90A4-34FFA9DDE8EC} = {0B6AA5DF-678E-45FA-AAC4-54A81F5EE039}
		{3667A43B-DB0F-4469-8DC4-2C4BF334FE8E} = {E3711EB7-0566-4EE1-91A6-82E7111F9D01}
		{56D05654-3CC8-4A55-A2AD-A7B759AED8A5} = {3667A43B-DB0F-4469-8DC4-2C4BF334FE8E}
		{C5F6A87D-44F7-43D1-88A2-2DB0ADE775D0} = {3667A43B-DB0F-4469-8DC4-2C4BF334FE8E}
		{28159321-9734-4EFD-A177-1F4410E44148} = {3667A43B-DB0F-4469-8DC4-2C4BF334FE8E}
		{CFF0D23F-ED31-444E-8E88-7265FE1F8D80} = {E3711EB7-0566-4EE1-91A6-82E7111F9D01}
		{CCAD382A-8F63-471F-8E03-EAA20D250577} = {CFF0D23F-ED31-444E-8E88-7265FE1F8D80}
		{5B143F0A-2CA0-4104-91C6-DFEBE96B5FB5} = {CFF0D23F-ED31-444E-8E88-7265FE1F8D80}
		{3C63807A-BD07-4465-8FD9-1546F67A3A98} = {E3711EB7-0566-4EE1-91A6-82E7111F9D01}
		{2D9C805A-CAC6-4DF0-A536-765F117BC592} = {3C63807A-BD07-4465-8FD9-1546F67A3A98}
		{756B1890-EF51-4246-BBEF-C931BC7E9AC7} = {BA2F5CA5-ABE3-4DF6-833B-24DB538C6CA8}
	EndGlobalSection
	GlobalSection(ExtensibilityGlobals) = postSolution
		SolutionGuid = {81A1C41A-348C-49AF-B1B2-E47176D087DB}
	EndGlobalSection
EndGlobal
